{
  "name": "manifest-generator",
  "version": "1.0.0",
  "lockfileVersion": 2,
  "requires": true,
  "packages": {
    "": {
      "name": "manifest-generator",
      "version": "1.0.0",
      "license": "ISC",
      "dependencies": {
        "@digital-piranesi/iiif-manifest-library": "^1.1.0",
        "xhr2": "^0.2.1"
      }
    },
    "node_modules/@digital-piranesi/iiif-manifest-library": {
      "version": "1.1.0",
      "resolved": "https://registry.npmjs.org/@digital-piranesi/iiif-manifest-library/-/iiif-manifest-library-1.1.0.tgz",
      "integrity": "sha512-8Qkf2Xs8TF5b0UT6VJPVYkaU02WBqjD6Kwxl8LP4Lj/xtsqS9FJK2rMxc59kOa1T7pJ1noG3UTs17FqYyY7WoQ==",
      "dependencies": {
        "xhr2": "^0.2.1"
      }
    },
    "node_modules/xhr2": {
      "version": "0.2.1",
      "resolved": "https://registry.npmjs.org/xhr2/-/xhr2-0.2.1.tgz",
      "integrity": "sha512-sID0rrVCqkVNUn8t6xuv9+6FViXjUVXq8H5rWOH2rz9fDNQEd4g0EA2XlcEdJXRz5BMEn4O1pJFdT+z4YHhoWw==",
      "engines": {
        "node": ">= 6"
      }
    }
  },
  "dependencies": {
    "@digital-piranesi/iiif-manifest-library": {
      "version": "1.1.0",
      "resolved": "https://registry.npmjs.org/@digital-piranesi/iiif-manifest-library/-/iiif-manifest-library-1.1.0.tgz",
      "integrity": "sha512-8Qkf2Xs8TF5b0UT6VJPVYkaU02WBqjD6Kwxl8LP4Lj/xtsqS9FJK2rMxc59kOa1T7pJ1noG3UTs17FqYyY7WoQ==",
      "requires": {
        "xhr2": "^0.2.1"
      }
    },
    "xhr2": {
      "version": "0.2.1",
      "resolved": "https://registry.npmjs.org/xhr2/-/xhr2-0.2.1.tgz",
      "integrity": "sha512-sID0rrVCqkVNUn8t6xuv9+6FViXjUVXq8H5rWOH2rz9fDNQEd4g0EA2XlcEdJXRz5BMEn4O1pJFdT+z4YHhoWw=="
    }
  }
}
